
Microsoft Visual Studio Solution File, Format Version 12.00
# Visual Studio 14
VisualStudioVersion = 14.0.25123.0
MinimumVisualStudioVersion = 10.0.40219.1
Project("{FAE04EC0-301F-11D3-BF4B-00C04F79EFBC}") = "SchoolAdmin", "SchoolAdmin.csproj", "{F9C8BF27-E539-4439-83FF-DC5ED9C2B344}"
EndProject
Project("{FAE04EC0-301F-11D3-BF4B-00C04F79EFBC}") = "SchoolAdminBusiness", "..\SchoolAdminBusiness\SchoolAdminBusiness.csproj", "{1713C688-6F1F-48D4-A559-0D05FC636371}"
EndProject
Project("{FAE04EC0-301F-11D3-BF4B-00C04F79EFBC}") = "CommonServices", "CommonServices\CommonServices.csproj", "{79A0701A-1173-403F-9FC2-AF7D3BFB235E}"
EndProject
Global
	GlobalSection(SolutionConfigurationPlatforms) = preSolution
		Debug|Any CPU = Debug|Any CPU
		Release|Any CPU = Release|Any CPU
	EndGlobalSection
	GlobalSection(ProjectConfigurationPlatforms) = postSolution
		{F9C8BF27-E539-4439-83FF-DC5ED9C2B344}.Debug|Any CPU.ActiveCfg = Debug|Any CPU
		{F9C8BF27-E539-4439-83FF-DC5ED9C2B344}.Debug|Any CPU.Build.0 = Debug|Any CPU
		{F9C8BF27-E539-4439-83FF-DC5ED9C2B344}.Release|Any CPU.ActiveCfg = Release|Any CPU
		{F9C8BF27-E539-4439-83FF-DC5ED9C2B344}.Release|Any CPU.Build.0 = Release|Any CPU
		{1713C688-6F1F-48D4-A559-0D05FC636371}.Debug|Any CPU.ActiveCfg = Debug|Any CPU
		{1713C688-6F1F-48D4-A559-0D05FC636371}.Debug|Any CPU.Build.0 = Debug|Any CPU
		{1713C688-6F1F-48D4-A559-0D05FC636371}.Release|Any CPU.ActiveCfg = Release|Any CPU
		{1713C688-6F1F-48D4-A559-0D05FC636371}.Release|Any CPU.Build.0 = Release|Any CPU
		{79A0701A-1173-403F-9FC2-AF7D3BFB235E}.Debug|Any CPU.ActiveCfg = Debug|Any CPU
		{79A0701A-1173-403F-9FC2-AF7D3BFB235E}.Debug|Any CPU.Build.0 = Debug|Any CPU
		{79A0701A-1173-403F-9FC2-AF7D3BFB235E}.Release|Any CPU.ActiveCfg = Release|Any CPU
		{79A0701A-1173-403F-9FC2-AF7D3BFB235E}.Release|Any CPU.Build.0 = Release|Any CPU
	EndGlobalSection
	GlobalSection(SolutionProperties) = preSolution
		HideSolutionNode = FALSE
	EndGlobalSection
EndGlobal
